github.com/synergyvr-org/synergy-hugo-shared v0.8.4 h1:C0rGgC5ZP6JLDoaQqmIumk1qPES6mP8BukPCYC61OxM=
github.com/synergyvr-org/synergy-hugo-shared v0.8.4/go.mod h1:YWNCc/yLBkA+Koh7oZaDQGjKwwAcpN5QreMHe09SkiQ=
github.com/synergyvr-org/synergy-hugo-shared v0.8.6 h1:l6z/Hys11gtDlm2by7yZOrqVo4iyPmWGXyEvk1+AmMc=
github.com/synergyvr-org/synergy-hugo-shared v0.8.6/go.mod h1:YWNCc/yLBkA+Koh7oZaDQGjKwwAcpN5QreMHe09SkiQ=
